
Microsoft Visual Studio Solution File, Format Version 12.00
# Visual Studio 14
VisualStudioVersion = 14.0.25420.1
MinimumVisualStudioVersion = 10.0.40219.1
Project("{FAE04EC0-301F-11D3-BF4B-00C04F79EFBC}") = "ThreadBasics", "ThreadBasics\ThreadBasics.csproj", "{4C0D7CF6-152F-49CD-B8C1-B9B8DF1D13F5}"
EndProject
Project("{FAE04EC0-301F-11D3-BF4B-00C04F79EFBC}") = "TwoThreads", "TwoThreads\TwoThreads.csproj", "{69E164A2-AA0F-4494-8BC4-4300653FBD58}"
EndProject
Project("{FAE04EC0-301F-11D3-BF4B-00C04F79EFBC}") = "Lab3ThreadState", "Lab3ThreadState\Lab3ThreadState.csproj", "{D9AF49D8-5A41-4B93-A41D-EF3F244CAC2A}"
EndProject
Project("{FAE04EC0-301F-11D3-BF4B-00C04F79EFBC}") = "Lab4Task", "Lab4Task\Lab4Task.csproj", "{07447664-8D5C-4A74-980B-D444D19FAFD7}"
EndProject
Project("{FAE04EC0-301F-11D3-BF4B-00C04F79EFBC}") = "ThreadTest", "ThreadTest\ThreadTest.csproj", "{2543DB30-9888-403E-B271-DF7E8D811D69}"
EndProject
Project("{FAE04EC0-301F-11D3-BF4B-00C04F79EFBC}") = "ThreadTest2", "ThreadTest2\ThreadTest2.csproj", "{B442C18D-52E0-4DB1-B149-0050C67D6AD3}"
EndProject
Project("{FAE04EC0-301F-11D3-BF4B-00C04F79EFBC}") = "ThreadTest3", "ThreadTest3\ThreadTest3.csproj", "{3EA7DBD8-FD1D-454E-90BC-DBC00399BC24}"
EndProject
Project("{FAE04EC0-301F-11D3-BF4B-00C04F79EFBC}") = "ThreadTest4", "ThreadTest4\ThreadTest4.csproj", "{70F950B9-EE3A-4C6E-B0FB-61F821295BE2}"
EndProject
Project("{FAE04EC0-301F-11D3-BF4B-00C04F79EFBC}") = "PriorityTest", "PriorityTest\PriorityTest.csproj", "{A557C519-97EF-435E-828A-AEF79122C48F}"
EndProject
Project("{FAE04EC0-301F-11D3-BF4B-00C04F79EFBC}") = "WrongExceptionHandling", "WrongExceptionHandling\WrongExceptionHandling.csproj", "{A0888EBC-42CF-4558-836D-DD388BA8D5F5}"
EndProject
Project("{FAE04EC0-301F-11D3-BF4B-00C04F79EFBC}") = "ThreadPingPong", "ThreadPingPong\ThreadPingPong.csproj", "{5626F628-6754-4FE4-866D-F2AFF888A709}"
EndProject
Project("{FAE04EC0-301F-11D3-BF4B-00C04F79EFBC}") = "Calculation", "Calculation\Calculation.csproj", "{45F0EC65-6705-4D15-A09A-020260EEE058}"
EndProject
Project("{FAE04EC0-301F-11D3-BF4B-00C04F79EFBC}") = "ProducerConsumer", "ProducerConsumer\ProducerConsumer.csproj", "{36BAB63B-CD4B-4582-A67A-5A08E86ACFAA}"
EndProject
Project("{FAE04EC0-301F-11D3-BF4B-00C04F79EFBC}") = "ResetEvenHandle", "ResetEvenHandle\ResetEvenHandle.csproj", "{CB1EFF0B-D631-478F-AA34-9EC87F8F3B43}"
EndProject
Project("{FAE04EC0-301F-11D3-BF4B-00C04F79EFBC}") = "TaskBasedPrimeTest", "TaskBasedPrimeTest\TaskBasedPrimeTest.csproj", "{FA6CC5C0-E55A-4F3D-9D05-25264FBCA6A0}"
EndProject
Project("{FAE04EC0-301F-11D3-BF4B-00C04F79EFBC}") = "AsyncAwaitWpf", "AsyncAwaitWpf\AsyncAwaitWpf.csproj", "{132039CE-732E-4503-AE55-2B56B26934F5}"
EndProject
Project("{FAE04EC0-301F-11D3-BF4B-00C04F79EFBC}") = "AsynAwaitConsoleDemo", "AsynAwaitConsoleDemo\AsynAwaitConsoleDemo.csproj", "{5C19C862-2DE3-42CE-8197-F4C2B65E962B}"
EndProject
Global
	GlobalSection(SolutionConfigurationPlatforms) = preSolution
		Debug|Any CPU = Debug|Any CPU
		Release|Any CPU = Release|Any CPU
	EndGlobalSection
	GlobalSection(ProjectConfigurationPlatforms) = postSolution
		{4C0D7CF6-152F-49CD-B8C1-B9B8DF1D13F5}.Debug|Any CPU.ActiveCfg = Debug|Any CPU
		{4C0D7CF6-152F-49CD-B8C1-B9B8DF1D13F5}.Debug|Any CPU.Build.0 = Debug|Any CPU
		{4C0D7CF6-152F-49CD-B8C1-B9B8DF1D13F5}.Release|Any CPU.ActiveCfg = Release|Any CPU
		{4C0D7CF6-152F-49CD-B8C1-B9B8DF1D13F5}.Release|Any CPU.Build.0 = Release|Any CPU
		{69E164A2-AA0F-4494-8BC4-4300653FBD58}.Debug|Any CPU.ActiveCfg = Debug|Any CPU
		{69E164A2-AA0F-4494-8BC4-4300653FBD58}.Debug|Any CPU.Build.0 = Debug|Any CPU
		{69E164A2-AA0F-4494-8BC4-4300653FBD58}.Release|Any CPU.ActiveCfg = Release|Any CPU
		{69E164A2-AA0F-4494-8BC4-4300653FBD58}.Release|Any CPU.Build.0 = Release|Any CPU
		{D9AF49D8-5A41-4B93-A41D-EF3F244CAC2A}.Debug|Any CPU.ActiveCfg = Debug|Any CPU
		{D9AF49D8-5A41-4B93-A41D-EF3F244CAC2A}.Debug|Any CPU.Build.0 = Debug|Any CPU
		{D9AF49D8-5A41-4B93-A41D-EF3F244CAC2A}.Release|Any CPU.ActiveCfg = Release|Any CPU
		{D9AF49D8-5A41-4B93-A41D-EF3F244CAC2A}.Release|Any CPU.Build.0 = Release|Any CPU
		{07447664-8D5C-4A74-980B-D444D19FAFD7}.Debug|Any CPU.ActiveCfg = Debug|Any CPU
		{07447664-8D5C-4A74-980B-D444D19FAFD7}.Debug|Any CPU.Build.0 = Debug|Any CPU
		{07447664-8D5C-4A74-980B-D444D19FAFD7}.Release|Any CPU.ActiveCfg = Release|Any CPU
		{07447664-8D5C-4A74-980B-D444D19FAFD7}.Release|Any CPU.Build.0 = Release|Any CPU
		{2543DB30-9888-403E-B271-DF7E8D811D69}.Debug|Any CPU.ActiveCfg = Debug|Any CPU
		{2543DB30-9888-403E-B271-DF7E8D811D69}.Debug|Any CPU.Build.0 = Debug|Any CPU
		{2543DB30-9888-403E-B271-DF7E8D811D69}.Release|Any CPU.ActiveCfg = Release|Any CPU
		{2543DB30-9888-403E-B271-DF7E8D811D69}.Release|Any CPU.Build.0 = Release|Any CPU
		{B442C18D-52E0-4DB1-B149-0050C67D6AD3}.Debug|Any CPU.ActiveCfg = Debug|Any CPU
		{B442C18D-52E0-4DB1-B149-0050C67D6AD3}.Debug|Any CPU.Build.0 = Debug|Any CPU
		{B442C18D-52E0-4DB1-B149-0050C67D6AD3}.Release|Any CPU.ActiveCfg = Release|Any CPU
		{B442C18D-52E0-4DB1-B149-0050C67D6AD3}.Release|Any CPU.Build.0 = Release|Any CPU
		{3EA7DBD8-FD1D-454E-90BC-DBC00399BC24}.Debug|Any CPU.ActiveCfg = Debug|Any CPU
		{3EA7DBD8-FD1D-454E-90BC-DBC00399BC24}.Debug|Any CPU.Build.0 = Debug|Any CPU
		{3EA7DBD8-FD1D-454E-90BC-DBC00399BC24}.Release|Any CPU.ActiveCfg = Release|Any CPU
		{3EA7DBD8-FD1D-454E-90BC-DBC00399BC24}.Release|Any CPU.Build.0 = Release|Any CPU
		{70F950B9-EE3A-4C6E-B0FB-61F821295BE2}.Debug|Any CPU.ActiveCfg = Debug|Any CPU
		{70F950B9-EE3A-4C6E-B0FB-61F821295BE2}.Debug|Any CPU.Build.0 = Debug|Any CPU
		{70F950B9-EE3A-4C6E-B0FB-61F821295BE2}.Release|Any CPU.ActiveCfg = Release|Any CPU
		{70F950B9-EE3A-4C6E-B0FB-61F821295BE2}.Release|Any CPU.Build.0 = Release|Any CPU
		{A557C519-97EF-435E-828A-AEF79122C48F}.Debug|Any CPU.ActiveCfg = Debug|Any CPU
		{A557C519-97EF-435E-828A-AEF79122C48F}.Debug|Any CPU.Build.0 = Debug|Any CPU
		{A557C519-97EF-435E-828A-AEF79122C48F}.Release|Any CPU.ActiveCfg = Release|Any CPU
		{A557C519-97EF-435E-828A-AEF79122C48F}.Release|Any CPU.Build.0 = Release|Any CPU
		{A0888EBC-42CF-4558-836D-DD388BA8D5F5}.Debug|Any CPU.ActiveCfg = Debug|Any CPU
		{A0888EBC-42CF-4558-836D-DD388BA8D5F5}.Debug|Any CPU.Build.0 = Debug|Any CPU
		{A0888EBC-42CF-4558-836D-DD388BA8D5F5}.Release|Any CPU.ActiveCfg = Release|Any CPU
		{A0888EBC-42CF-4558-836D-DD388BA8D5F5}.Release|Any CPU.Build.0 = Release|Any CPU
		{5626F628-6754-4FE4-866D-F2AFF888A709}.Debug|Any CPU.ActiveCfg = Debug|Any CPU
		{5626F628-6754-4FE4-866D-F2AFF888A709}.Debug|Any CPU.Build.0 = Debug|Any CPU
		{5626F628-6754-4FE4-866D-F2AFF888A709}.Release|Any CPU.ActiveCfg = Release|Any CPU
		{5626F628-6754-4FE4-866D-F2AFF888A709}.Release|Any CPU.Build.0 = Release|Any CPU
		{45F0EC65-6705-4D15-A09A-020260EEE058}.Debug|Any CPU.ActiveCfg = Debug|Any CPU
		{45F0EC65-6705-4D15-A09A-020260EEE058}.Debug|Any CPU.Build.0 = Debug|Any CPU
		{45F0EC65-6705-4D15-A09A-020260EEE058}.Release|Any CPU.ActiveCfg = Release|Any CPU
		{45F0EC65-6705-4D15-A09A-020260EEE058}.Release|Any CPU.Build.0 = Release|Any CPU
		{36BAB63B-CD4B-4582-A67A-5A08E86ACFAA}.Debug|Any CPU.ActiveCfg = Debug|Any CPU
		{36BAB63B-CD4B-4582-A67A-5A08E86ACFAA}.Debug|Any CPU.Build.0 = Debug|Any CPU
		{36BAB63B-CD4B-4582-A67A-5A08E86ACFAA}.Release|Any CPU.ActiveCfg = Release|Any CPU
		{36BAB63B-CD4B-4582-A67A-5A08E86ACFAA}.Release|Any CPU.Build.0 = Release|Any CPU
		{CB1EFF0B-D631-478F-AA34-9EC87F8F3B43}.Debug|Any CPU.ActiveCfg = Debug|Any CPU
		{CB1EFF0B-D631-478F-AA34-9EC87F8F3B43}.Debug|Any CPU.Build.0 = Debug|Any CPU
		{CB1EFF0B-D631-478F-AA34-9EC87F8F3B43}.Release|Any CPU.ActiveCfg = Release|Any CPU
		{CB1EFF0B-D631-478F-AA34-9EC87F8F3B43}.Release|Any CPU.Build.0 = Release|Any CPU
		{FA6CC5C0-E55A-4F3D-9D05-25264FBCA6A0}.Debug|Any CPU.ActiveCfg = Debug|Any CPU
		{FA6CC5C0-E55A-4F3D-9D05-25264FBCA6A0}.Debug|Any CPU.Build.0 = Debug|Any CPU
		{FA6CC5C0-E55A-4F3D-9D05-25264FBCA6A0}.Release|Any CPU.ActiveCfg = Release|Any CPU
		{FA6CC5C0-E55A-4F3D-9D05-25264FBCA6A0}.Release|Any CPU.Build.0 = Release|Any CPU
		{132039CE-732E-4503-AE55-2B56B26934F5}.Debug|Any CPU.ActiveCfg = Debug|Any CPU
		{132039CE-732E-4503-AE55-2B56B26934F5}.Debug|Any CPU.Build.0 = Debug|Any CPU
		{132039CE-732E-4503-AE55-2B56B26934F5}.Release|Any CPU.ActiveCfg = Release|Any CPU
		{132039CE-732E-4503-AE55-2B56B26934F5}.Release|Any CPU.Build.0 = Release|Any CPU
		{5C19C862-2DE3-42CE-8197-F4C2B65E962B}.Debug|Any CPU.ActiveCfg = Debug|Any CPU
		{5C19C862-2DE3-42CE-8197-F4C2B65E962B}.Debug|Any CPU.Build.0 = Debug|Any CPU
		{5C19C862-2DE3-42CE-8197-F4C2B65E962B}.Release|Any CPU.ActiveCfg = Release|Any CPU
		{5C19C862-2DE3-42CE-8197-F4C2B65E962B}.Release|Any CPU.Build.0 = Release|Any CPU
	EndGlobalSection
	GlobalSection(SolutionProperties) = preSolution
		HideSolutionNode = FALSE
	EndGlobalSection
EndGlobal
